// !$*UTF8*$!
{
	archiveVersion = 1;
	classes = {
	};
	objectVersion = 46;
	objects = {

/* Begin PBXBuildFile section */
		2B3874961C22783B00ED2F53 /* main.m in Sources */ = {isa = PBXBuildFile; fileRef = 2B3874951C22783B00ED2F53 /* main.m */; };
		2B38749E1C227AC000ED2F53 /* MathUtils.m in Sources */ = {isa = PBXBuildFile; fileRef = 2B38749D1C227AC000ED2F53 /* MathUtils.m */; };
		2B9228451C25D5BF00CEA77C /* Primes.m in Sources */ = {isa = PBXBuildFile; fileRef = 2B9228441C25D5BF00CEA77C /* Primes.m */; };
		2B9228481C27DC2000CEA77C /* PokerHand.m in Sources */ = {isa = PBXBuildFile; fileRef = 2B9228471C27DC2000CEA77C /* PokerHand.m */; };
/* End PBXBuildFile section */

/* Begin PBXCopyFilesBuildPhase section */
		2B3874901C22783B00ED2F53 /* CopyFiles */ = {
			isa = PBXCopyFilesBuildPhase;
			buildActionMask = 2147483647;
			dstPath = /usr/share/man/man1/;
			dstSubfolderSpec = 0;
			files = (
			);
			runOnlyForDeploymentPostprocessing = 1;
		};
/* End PBXCopyFilesBuildPhase section */

/* Begin PBXFileReference section */
		2B3874921C22783B00ED2F53 /* Useful Utilities */ = {isa = PBXFileReference; explicitFileType = "compiled.mach-o.executable"; includeInIndex = 0; path = "Useful Utilities"; sourceTree = BUILT_PRODUCTS_DIR; };
		2B3874951C22783B00ED2F53 /* main.m */ = {isa = PBXFileReference; lastKnownFileType = sourcecode.c.objc; path = main.m; sourceTree = "<group>"; };
		2B38749C1C227AC000ED2F53 /* MathUtils.h */ = {isa = PBXFileReference; fileEncoding = 4; lastKnownFileType = sourcecode.c.h; path = MathUtils.h; sourceTree = "<group>"; };
		2B38749D1C227AC000ED2F53 /* MathUtils.m */ = {isa = PBXFileReference; fileEncoding = 4; lastKnownFileType = sourcecode.c.objc; path = MathUtils.m; sourceTree = "<group>"; };
		2B9228431C25D5BF00CEA77C /* Primes.h */ = {isa = PBXFileReference; fileEncoding = 4; lastKnownFileType = sourcecode.c.h; path = Primes.h; sourceTree = "<group>"; };
		2B9228441C25D5BF00CEA77C /* Primes.m */ = {isa = PBXFileReference; fileEncoding = 4; lastKnownFileType = sourcecode.c.objc; path = Primes.m; sourceTree = "<group>"; };
		2B9228461C27DC1F00CEA77C /* PokerHand.h */ = {isa = PBXFileReference; fileEncoding = 4; lastKnownFileType = sourcecode.c.h; path = PokerHand.h; sourceTree = "<group>"; };
		2B9228471C27DC2000CEA77C /* PokerHand.m */ = {isa = PBXFileReference; fileEncoding = 4; lastKnownFileType = sourcecode.c.objc; path = PokerHand.m; sourceTree = "<group>"; };
		2B9228491C29F4D600CEA77C /* poker.txt */ = {isa = PBXFileReference; fileEncoding = 4; lastKnownFileType = text; path = poker.txt; sourceTree = "<group>"; };
/* End PBXFileReference section */

/* Begin PBXFrameworksBuildPhase section */
		2B38748F1C22783B00ED2F53 /* Frameworks */ = {
			isa = PBXFrameworksBuildPhase;
			buildActionMask = 2147483647;
			files = (
			);
			runOnlyForDeploymentPostprocessing = 0;
		};
/* End PBXFrameworksBuildPhase section */

/* Begin PBXGroup section */
		2B3874891C22783B00ED2F53 = {
			isa = PBXGroup;
			children = (
				2B3874941C22783B00ED2F53 /* Useful Utilities */,
				2B3874931C22783B00ED2F53 /* Products */,
			);
			sourceTree = "<group>";
		};
		2B3874931C22783B00ED2F53 /* Products */ = {
			isa = PBXGroup;
			children = (
				2B3874921C22783B00ED2F53 /* Useful Utilities */,
			);
			name = Products;
			sourceTree = "<group>";
		};
		2B3874941C22783B00ED2F53 /* Useful Utilities */ = {
			isa = PBXGroup;
			children = (
				2B3874951C22783B00ED2F53 /* main.m */,
				2B9228461C27DC1F00CEA77C /* PokerHand.h */,
				2B9228471C27DC2000CEA77C /* PokerHand.m */,
				2B38749C1C227AC000ED2F53 /* MathUtils.h */,
				2B9228431C25D5BF00CEA77C /* Primes.h */,
				2B9228441C25D5BF00CEA77C /* Primes.m */,
				2B38749D1C227AC000ED2F53 /* MathUtils.m */,
				2B9228491C29F4D600CEA77C /* poker.txt */,
			);
			path = "Useful Utilities";
			sourceTree = "<group>";
		};
/* End PBXGroup section */

/* Begin PBXNativeTarget section */
		2B3874911C22783B00ED2F53 /* Useful Utilities */ = {
			isa = PBXNativeTarget;
			buildConfigurationList = 2B3874991C22783B00ED2F53 /* Build configuration list for PBXNativeTarget "Useful Utilities" */;
			buildPhases = (
				2B38748E1C22783B00ED2F53 /* Sources */,
				2B38748F1C22783B00ED2F53 /* Frameworks */,
				2B3874901C22783B00ED2F53 /* CopyFiles */,
			);
			buildRules = (
			);
			dependencies = (
			);
			name = "Useful Utilities";
			productName = "Useful Utilities";
			productReference = 2B3874921C22783B00ED2F53 /* Useful Utilities */;
			productType = "com.apple.product-type.tool";
		};
/* End PBXNativeTarget section */

/* Begin PBXProject section */
		2B38748A1C22783B00ED2F53 /* Project object */ = {
			isa = PBXProject;
			attributes = {
				LastUpgradeCheck = 0720;
				ORGANIZATIONNAME = "Chengguang Zhao";
				TargetAttributes = {
					2B3874911C22783B00ED2F53 = {
						CreatedOnToolsVersion = 7.2;
					};
				};
			};
			buildConfigurationList = 2B38748D1C22783B00ED2F53 /* Build configuration list for PBXProject "Useful Utilities" */;
			compatibilityVersion = "Xcode 3.2";
			developmentRegion = English;
			hasScannedForEncodings = 0;
			knownRegions = (
				en,
			);
			mainGroup = 2B3874891C22783B00ED2F53;
			productRefGroup = 2B3874931C22783B00ED2F53 /* Products */;
			projectDirPath = "";
			projectRoot = "";
			targets = (
				2B3874911C22783B00ED2F53 /* Useful Utilities */,
			);
		};
/* End PBXProject section */

/* Begin PBXSourcesBuildPhase section */
		2B38748E1C22783B00ED2F53 /* Sources */ = {
			isa = PBXSourcesBuildPhase;
			buildActionMask = 2147483647;
			files = (
				2B3874961C22783B00ED2F53 /* main.m in Sources */,
				2B9228451C25D5BF00CEA77C /* Primes.m in Sources */,
				2B9228481C27DC2000CEA77C /* PokerHand.m in Sources */,
				2B38749E1C227AC000ED2F53 /* MathUtils.m in Sources */,
			);
			runOnlyForDeploymentPostprocessing = 0;
		};
/* End PBXSourcesBuildPhase section */

/* Begin XCBuildConfiguration section */
		2B3874971C22783B00ED2F53 /* Debug */ = {
			isa = XCBuildConfiguration;
			buildSettings = {
				ALWAYS_SEARCH_USER_PATHS = NO;
				CLANG_CXX_LANGUAGE_STANDARD = "gnu++0x";
				CLANG_CXX_LIBRARY = "libc++";
				CLANG_ENABLE_MODULES = YES;
				CLANG_ENABLE_OBJC_ARC = YES;
				CLANG_WARN_BOOL_CONVERSION = YES;
				CLANG_WARN_CONSTANT_CONVERSION = YES;
				CLANG_WARN_DIRECT_OBJC_ISA_USAGE = YES_ERROR;
				CLANG_WARN_EMPTY_BODY = YES;
				CLANG_WARN_ENUM_CONVERSION = YES;
				CLANG_WARN_INT_CONVERSION = YES;
				CLANG_WARN_OBJC_ROOT_CLASS = YES_ERROR;
				CLANG_WARN_UNREACHABLE_CODE = YES;
				CLANG_WARN__DUPLICATE_METHOD_MATCH = YES;
				CODE_SIGN_IDENTITY = "-";
				COPY_PHASE_STRIP = NO;
				DEBUG_INFORMATION_FORMAT = dwarf;
				ENABLE_STRICT_OBJC_MSGSEND = YES;
				ENABLE_TESTABILITY = YES;
				GCC_C_LANGUAGE_STANDARD = gnu99;
				GCC_DYNAMIC_NO_PIC = NO;
				GCC_NO_COMMON_BLOCKS = YES;
				GCC_OPTIMIZATION_LEVEL = 0;
				GCC_PREPROCESSOR_DEFINITIONS = (
					"DEBUG=1",
					"$(inherited)",
				);
				GCC_WARN_64_TO_32_BIT_CONVERSION = YES;
				GCC_WARN_ABOUT_RETURN_TYPE = YES_ERROR;
				GCC_WARN_UNDECLARED_SELECTOR = YES;
				GCC_WARN_UNINITIALIZED_AUTOS = YES_AGGRESSIVE;
				GCC_WARN_UNUSED_FUNCTION = YES;
				GCC_WARN_UNUSED_VARIABLE = YES;
				MACOSX_DEPLOYMENT_TARGET = 10.11;
				MTL_ENABLE_DEBUG_INFO = YES;
				ONLY_ACTIVE_ARCH = YES;
				SDKROOT = macosx;
			};
			name = Debug;
		};
		2B3874981C22783B00ED2F53 /* Release */ = {
			isa = XCBuildConfiguration;
			buildSettings = {
				ALWAYS_SEARCH_USER_PATHS = NO;
				CLANG_CXX_LANGUAGE_STANDARD = "gnu++0x";
				CLANG_CXX_LIBRARY = "libc++";
				CLANG_ENABLE_MODULES = YES;
				CLANG_ENABLE_OBJC_ARC = YES;
				CLANG_WARN_BOOL_CONVERSION = YES;
				CLANG_WARN_CONSTANT_CONVERSION = YES;
				CLANG_WARN_DIRECT_OBJC_ISA_USAGE = YES_ERROR;
				CLANG_WARN_EMPTY_BODY = YES;
				CLANG_WARN_ENUM_CONVERSION = YES;
				CLANG_WARN_INT_CONVERSION = YES;
				CLANG_WARN_OBJC_ROOT_CLASS = YES_ERROR;
				CLANG_WARN_UNREACHABLE_CODE = YES;
				CLANG_WARN__DUPLICATE_METHOD_MATCH = YES;
				CODE_SIGN_IDENTITY = "-";
				COPY_PHASE_STRIP = NO;
				DEBUG_INFORMATION_FORMAT = "dwarf-with-dsym";
				ENABLE_NS_ASSERTIONS = NO;
				ENABLE_STRICT_OBJC_MSGSEND = YES;
				GCC_C_LANGUAGE_STANDARD = gnu99;
				GCC_NO_COMMON_BLOCKS = YES;
				GCC_WARN_64_TO_32_BIT_CONVERSION = YES;
				GCC_WARN_ABOUT_RETURN_TYPE = YES_ERROR;
				GCC_WARN_UNDECLARED_SELECTOR = YES;
				GCC_WARN_UNINITIALIZED_AUTOS = YES_AGGRESSIVE;
				GCC_WARN_UNUSED_FUNCTION = YES;
				GCC_WARN_UNUSED_VARIABLE = YES;
				MACOSX_DEPLOYMENT_TARGET = 10.11;
				MTL_ENABLE_DEBUG_INFO = NO;
				SDKROOT = macosx;
			};
			name = Release;
		};
		2B38749A1C22783B00ED2F53 /* Debug */ = {
			isa = XCBuildConfiguration;
			buildSettings = {
				PRODUCT_NAME = "$(TARGET_NAME)";
			};
			name = Debug;
		};
		2B38749B1C22783B00ED2F53 /* Release */ = {
			isa = XCBuildConfiguration;
			buildSettings = {
				PRODUCT_NAME = "$(TARGET_NAME)";
			};
			name = Release;
		};
/* End XCBuildConfiguration section */

/* Begin XCConfigurationList section */
		2B38748D1C22783B00ED2F53 /* Build configuration list for PBXProject "Useful Utilities" */ = {
			isa = XCConfigurationList;
			buildConfigurations = (
				2B3874971C22783B00ED2F53 /* Debug */,
				2B3874981C22783B00ED2F53 /* Release */,
			);
			defaultConfigurationIsVisible = 0;
			defaultConfigurationName = Release;
		};
		2B3874991C22783B00ED2F53 /* Build configuration list for PBXNativeTarget "Useful Utilities" */ = {
			isa = XCConfigurationList;
			buildConfigurations = (
				2B38749A1C22783B00ED2F53 /* Debug */,
				2B38749B1C22783B00ED2F53 /* Release */,
			);
			defaultConfigurationIsVisible = 0;
			defaultConfigurationName = Release;
		};
/* End XCConfigurationList section */
	};
	rootObject = 2B38748A1C22783B00ED2F53 /* Project object */;
}
